
Microsoft Visual Studio Solution File, Format Version 12.00
# Visual Studio Version 17
VisualStudioVersion = 17.8.34316.72
MinimumVisualStudioVersion = 10.0.40219.1
Project("{9A19103F-16F7-4668-BE54-9A1E7A4F7556}") = "ITTradeSoft.Api", "ITTradeSoft.Api\ITTradeSoft.Api.csproj", "{91F759BD-4E56-4C0B-A930-16EE1374FA95}"
EndProject
Project("{9A19103F-16F7-4668-BE54-9A1E7A4F7556}") = "ITTradeSoft.Domain", "ITTradeSoft.Domain\ITTradeSoft.Domain.csproj", "{377866AF-801A-421B-8A97-B87AD84C92C1}"
EndProject
Project("{9A19103F-16F7-4668-BE54-9A1E7A4F7556}") = "ITTradeSoft.Infrastructure", "ITTradeSoft.Infrastructure\ITTradeSoft.Infrastructure.csproj", "{090C4BE0-B74A-4AE8-8AB0-0728A3A1F197}"
EndProject
Project("{9A19103F-16F7-4668-BE54-9A1E7A4F7556}") = "ITTradeSoft.Application", "..\..\..\..\source\repos\ITTradeSoft\ITTradeSoft.Application\ITTradeSoft.Application.csproj", "{AE78D375-9124-4E6B-AC1C-AC248E106BB1}"
EndProject
Global
	GlobalSection(SolutionConfigurationPlatforms) = preSolution
		Debug|Any CPU = Debug|Any CPU
		Release|Any CPU = Release|Any CPU
	EndGlobalSection
	GlobalSection(ProjectConfigurationPlatforms) = postSolution
		{91F759BD-4E56-4C0B-A930-16EE1374FA95}.Debug|Any CPU.ActiveCfg = Debug|Any CPU
		{91F759BD-4E56-4C0B-A930-16EE1374FA95}.Debug|Any CPU.Build.0 = Debug|Any CPU
		{91F759BD-4E56-4C0B-A930-16EE1374FA95}.Release|Any CPU.ActiveCfg = Release|Any CPU
		{91F759BD-4E56-4C0B-A930-16EE1374FA95}.Release|Any CPU.Build.0 = Release|Any CPU
		{377866AF-801A-421B-8A97-B87AD84C92C1}.Debug|Any CPU.ActiveCfg = Debug|Any CPU
		{377866AF-801A-421B-8A97-B87AD84C92C1}.Debug|Any CPU.Build.0 = Debug|Any CPU
		{377866AF-801A-421B-8A97-B87AD84C92C1}.Release|Any CPU.ActiveCfg = Release|Any CPU
		{377866AF-801A-421B-8A97-B87AD84C92C1}.Release|Any CPU.Build.0 = Release|Any CPU
		{090C4BE0-B74A-4AE8-8AB0-0728A3A1F197}.Debug|Any CPU.ActiveCfg = Debug|Any CPU
		{090C4BE0-B74A-4AE8-8AB0-0728A3A1F197}.Debug|Any CPU.Build.0 = Debug|Any CPU
		{090C4BE0-B74A-4AE8-8AB0-0728A3A1F197}.Release|Any CPU.ActiveCfg = Release|Any CPU
		{090C4BE0-B74A-4AE8-8AB0-0728A3A1F197}.Release|Any CPU.Build.0 = Release|Any CPU
		{AE78D375-9124-4E6B-AC1C-AC248E106BB1}.Debug|Any CPU.ActiveCfg = Debug|Any CPU
		{AE78D375-9124-4E6B-AC1C-AC248E106BB1}.Debug|Any CPU.Build.0 = Debug|Any CPU
		{AE78D375-9124-4E6B-AC1C-AC248E106BB1}.Release|Any CPU.ActiveCfg = Release|Any CPU
		{AE78D375-9124-4E6B-AC1C-AC248E106BB1}.Release|Any CPU.Build.0 = Release|Any CPU
	EndGlobalSection
	GlobalSection(SolutionProperties) = preSolution
		HideSolutionNode = FALSE
	EndGlobalSection
	GlobalSection(ExtensibilityGlobals) = postSolution
		SolutionGuid = {940A8B83-D924-4E84-9BDD-178942717114}
	EndGlobalSection
EndGlobal
